
Microsoft Visual Studio Solution File, Format Version 12.00
# Visual Studio Version 16
VisualStudioVersion = 16.0.30804.86
MinimumVisualStudioVersion = 10.0.40219.1
Project("{9A19103F-16F7-4668-BE54-9A1E7A4F7556}") = "OpenXRGen", "OpenXRGen\OpenXRGen.csproj", "{856AFD7B-A4C2-481E-A649-0703D2623A88}"
EndProject
Project("{FAE04EC0-301F-11D3-BF4B-00C04F79EFBC}") = "Evergine.Bindings.OpenXR", "Evergine.Bindings.OpenXR\Evergine.Bindings.OpenXR.csproj", "{D80A378C-F2C7-4911-8797-4708BE3304E3}"
EndProject
Global
	GlobalSection(SolutionConfigurationPlatforms) = preSolution
		Debug|Any CPU = Debug|Any CPU
		Release|Any CPU = Release|Any CPU
	EndGlobalSection
	GlobalSection(ProjectConfigurationPlatforms) = postSolution
		{856AFD7B-A4C2-481E-A649-0703D2623A88}.Debug|Any CPU.ActiveCfg = Debug|Any CPU
		{856AFD7B-A4C2-481E-A649-0703D2623A88}.Debug|Any CPU.Build.0 = Debug|Any CPU
		{856AFD7B-A4C2-481E-A649-0703D2623A88}.Release|Any CPU.ActiveCfg = Release|Any CPU
		{856AFD7B-A4C2-481E-A649-0703D2623A88}.Release|Any CPU.Build.0 = Release|Any CPU
		{D80A378C-F2C7-4911-8797-4708BE3304E3}.Debug|Any CPU.ActiveCfg = Debug|Any CPU
		{D80A378C-F2C7-4911-8797-4708BE3304E3}.Debug|Any CPU.Build.0 = Debug|Any CPU
		{D80A378C-F2C7-4911-8797-4708BE3304E3}.Release|Any CPU.ActiveCfg = Release|Any CPU
		{D80A378C-F2C7-4911-8797-4708BE3304E3}.Release|Any CPU.Build.0 = Release|Any CPU
	EndGlobalSection
	GlobalSection(SolutionProperties) = preSolution
		HideSolutionNode = FALSE
	EndGlobalSection
	GlobalSection(ExtensibilityGlobals) = postSolution
		SolutionGuid = {897E0DC5-0690-4E40-9260-FFDC80971F48}
	EndGlobalSection
EndGlobal
