
Microsoft Visual Studio Solution File, Format Version 12.00
# Visual Studio Version 16
VisualStudioVersion = 16.0.30804.86
MinimumVisualStudioVersion = 10.0.40219.1
Project("{FAE04EC0-301F-11D3-BF4B-00C04F79EFBC}") = "OpenXRGen", "OpenXRGen\OpenXRGen.csproj", "{856AFD7B-A4C2-481E-A649-0703D2623A88}"
EndProject
Project("{FAE04EC0-301F-11D3-BF4B-00C04F79EFBC}") = "WaveEngine.Bindings.OpenXR", "WaveEngine.Bindings.OpenXR\WaveEngine.Bindings.OpenXR.csproj", "{2B5ECAD5-0B7B-42C3-A3B6-4EB4A391B6BE}"
EndProject
Global
	GlobalSection(SolutionConfigurationPlatforms) = preSolution
		Debug|Any CPU = Debug|Any CPU
		Release|Any CPU = Release|Any CPU
	EndGlobalSection
	GlobalSection(ProjectConfigurationPlatforms) = postSolution
		{856AFD7B-A4C2-481E-A649-0703D2623A88}.Debug|Any CPU.ActiveCfg = Debug|Any CPU
		{856AFD7B-A4C2-481E-A649-0703D2623A88}.Debug|Any CPU.Build.0 = Debug|Any CPU
		{856AFD7B-A4C2-481E-A649-0703D2623A88}.Release|Any CPU.ActiveCfg = Release|Any CPU
		{856AFD7B-A4C2-481E-A649-0703D2623A88}.Release|Any CPU.Build.0 = Release|Any CPU
		{2B5ECAD5-0B7B-42C3-A3B6-4EB4A391B6BE}.Debug|Any CPU.ActiveCfg = Debug|Any CPU
		{2B5ECAD5-0B7B-42C3-A3B6-4EB4A391B6BE}.Debug|Any CPU.Build.0 = Debug|Any CPU
		{2B5ECAD5-0B7B-42C3-A3B6-4EB4A391B6BE}.Release|Any CPU.ActiveCfg = Release|Any CPU
		{2B5ECAD5-0B7B-42C3-A3B6-4EB4A391B6BE}.Release|Any CPU.Build.0 = Release|Any CPU
	EndGlobalSection
	GlobalSection(SolutionProperties) = preSolution
		HideSolutionNode = FALSE
	EndGlobalSection
	GlobalSection(ExtensibilityGlobals) = postSolution
		SolutionGuid = {897E0DC5-0690-4E40-9260-FFDC80971F48}
	EndGlobalSection
EndGlobal
